// !$*UTF8*$!
{
	archiveVersion = 1;
	classes = {
	};
	objectVersion = 46;
	objects = {

/* Begin PBXBuildFile section */
		7C0ACA0B1F3CA8B80085FA64 /* AuthenticationManager.swift in Sources */ = {isa = PBXBuildFile; fileRef = 7C0ACA041F3CA8B80085FA64 /* AuthenticationManager.swift */; };
		7C0ACA0C1F3CA8B80085FA64 /* LaunchViewController.swift in Sources */ = {isa = PBXBuildFile; fileRef = 7C0ACA071F3CA8B80085FA64 /* LaunchViewController.swift */; };
		7C0ACA0D1F3CA8B80085FA64 /* LoggedInViewController.swift in Sources */ = {isa = PBXBuildFile; fileRef = 7C0ACA081F3CA8B80085FA64 /* LoggedInViewController.swift */; };
		7C0ACA0E1F3CA8B80085FA64 /* LoginViewController.swift in Sources */ = {isa = PBXBuildFile; fileRef = 7C0ACA091F3CA8B80085FA64 /* LoginViewController.swift */; };
		7C0ACA0F1F3CA8B80085FA64 /* SignUpViewController.swift in Sources */ = {isa = PBXBuildFile; fileRef = 7C0ACA0A1F3CA8B80085FA64 /* SignUpViewController.swift */; };
		7CD32EE81F68F6E70099C7D6 /* Coin.swift in Sources */ = {isa = PBXBuildFile; fileRef = 7CD32EE71F68F6E70099C7D6 /* Coin.swift */; };
		8FCA4A51B21295B7E8727767 /* Pods_Cryptfolio.framework in Frameworks */ = {isa = PBXBuildFile; fileRef = D3B724B25340132560932538 /* Pods_Cryptfolio.framework */; };
		9D3772BA1F6A7B3D00220482 /* DateExtension.swift in Sources */ = {isa = PBXBuildFile; fileRef = 9D3772B91F6A7B3D00220482 /* DateExtension.swift */; };
		9D386D211F63CA4B002C4C75 /* Database.swift in Sources */ = {isa = PBXBuildFile; fileRef = 9D386D201F63CA4B002C4C75 /* Database.swift */; };
		9D3FCF6B1F3A18A400FBBB93 /* AppDelegate.swift in Sources */ = {isa = PBXBuildFile; fileRef = 9D3FCF6A1F3A18A400FBBB93 /* AppDelegate.swift */; };
		9D3FCF721F3A18A400FBBB93 /* Assets.xcassets in Resources */ = {isa = PBXBuildFile; fileRef = 9D3FCF711F3A18A400FBBB93 /* Assets.xcassets */; };
		9D3FCF751F3A18A400FBBB93 /* LaunchScreen.storyboard in Resources */ = {isa = PBXBuildFile; fileRef = 9D3FCF731F3A18A400FBBB93 /* LaunchScreen.storyboard */; };
		9D87E3011F69BF4700D1B33D /* CustomLogger.swift in Sources */ = {isa = PBXBuildFile; fileRef = 9D87E3001F69BF4700D1B33D /* CustomLogger.swift */; };
		9DCD5A041F3E6A05007F491F /* ApiManager.swift in Sources */ = {isa = PBXBuildFile; fileRef = 9DCD5A031F3E6A05007F491F /* ApiManager.swift */; };
		9DCD5A061F3E6A33007F491F /* ApiService.swift in Sources */ = {isa = PBXBuildFile; fileRef = 9DCD5A051F3E6A33007F491F /* ApiService.swift */; };
		9DCD5A081F3E6CFF007F491F /* ServiceResponse.swift in Sources */ = {isa = PBXBuildFile; fileRef = 9DCD5A071F3E6CFF007F491F /* ServiceResponse.swift */; };
		9DCD5A0A1F3E77BA007F491F /* CryptoCompareService.swift in Sources */ = {isa = PBXBuildFile; fileRef = 9DCD5A091F3E77BA007F491F /* CryptoCompareService.swift */; };
		9DEEBB291F3A1BB400CA0466 /* GoogleService-Info.plist in Resources */ = {isa = PBXBuildFile; fileRef = 9DEEBB281F3A1BB400CA0466 /* GoogleService-Info.plist */; };
		9DEEBB2B1F3A23DE00CA0466 /* Main.storyboard in Resources */ = {isa = PBXBuildFile; fileRef = 9DEEBB2A1F3A23DE00CA0466 /* Main.storyboard */; };
		9DFA43891F3EEF6900CF0860 /* ParseManager.swift in Sources */ = {isa = PBXBuildFile; fileRef = 9DFA43881F3EEF6900CF0860 /* ParseManager.swift */; };
		9DFA438B1F3EEFEA00CF0860 /* Asset.swift in Sources */ = {isa = PBXBuildFile; fileRef = 9DFA438A1F3EEFEA00CF0860 /* Asset.swift */; };
/* End PBXBuildFile section */

/* Begin PBXFileReference section */
		7C0ACA041F3CA8B80085FA64 /* AuthenticationManager.swift */ = {isa = PBXFileReference; fileEncoding = 4; lastKnownFileType = sourcecode.swift; path = AuthenticationManager.swift; sourceTree = "<group>"; };
		7C0ACA071F3CA8B80085FA64 /* LaunchViewController.swift */ = {isa = PBXFileReference; fileEncoding = 4; lastKnownFileType = sourcecode.swift; path = LaunchViewController.swift; sourceTree = "<group>"; };
		7C0ACA081F3CA8B80085FA64 /* LoggedInViewController.swift */ = {isa = PBXFileReference; fileEncoding = 4; lastKnownFileType = sourcecode.swift; path = LoggedInViewController.swift; sourceTree = "<group>"; };
		7C0ACA091F3CA8B80085FA64 /* LoginViewController.swift */ = {isa = PBXFileReference; fileEncoding = 4; lastKnownFileType = sourcecode.swift; path = LoginViewController.swift; sourceTree = "<group>"; };
		7C0ACA0A1F3CA8B80085FA64 /* SignUpViewController.swift */ = {isa = PBXFileReference; fileEncoding = 4; lastKnownFileType = sourcecode.swift; path = SignUpViewController.swift; sourceTree = "<group>"; };
		7CD32EE71F68F6E70099C7D6 /* Coin.swift */ = {isa = PBXFileReference; fileEncoding = 4; lastKnownFileType = sourcecode.swift; path = Coin.swift; sourceTree = SOURCE_ROOT; };
		85CBB6CEF5928E319F071390 /* Pods-Cryptfolio.debug.xcconfig */ = {isa = PBXFileReference; includeInIndex = 1; lastKnownFileType = text.xcconfig; name = "Pods-Cryptfolio.debug.xcconfig"; path = "Pods/Target Support Files/Pods-Cryptfolio/Pods-Cryptfolio.debug.xcconfig"; sourceTree = "<group>"; };
		9D3772B91F6A7B3D00220482 /* DateExtension.swift */ = {isa = PBXFileReference; fileEncoding = 4; lastKnownFileType = sourcecode.swift; path = DateExtension.swift; sourceTree = "<group>"; };
		9D386D201F63CA4B002C4C75 /* Database.swift */ = {isa = PBXFileReference; fileEncoding = 4; lastKnownFileType = sourcecode.swift; path = Database.swift; sourceTree = "<group>"; };
		9D3FCF671F3A18A400FBBB93 /* Cryptfolio.app */ = {isa = PBXFileReference; explicitFileType = wrapper.application; includeInIndex = 0; path = Cryptfolio.app; sourceTree = BUILT_PRODUCTS_DIR; };
		9D3FCF6A1F3A18A400FBBB93 /* AppDelegate.swift */ = {isa = PBXFileReference; lastKnownFileType = sourcecode.swift; path = AppDelegate.swift; sourceTree = "<group>"; };
		9D3FCF711F3A18A400FBBB93 /* Assets.xcassets */ = {isa = PBXFileReference; lastKnownFileType = folder.assetcatalog; path = Assets.xcassets; sourceTree = "<group>"; };
		9D3FCF741F3A18A400FBBB93 /* Base */ = {isa = PBXFileReference; lastKnownFileType = file.storyboard; name = Base; path = Base.lproj/LaunchScreen.storyboard; sourceTree = "<group>"; };
		9D3FCF761F3A18A400FBBB93 /* Info.plist */ = {isa = PBXFileReference; lastKnownFileType = text.plist.xml; path = Info.plist; sourceTree = "<group>"; };
		9D87E3001F69BF4700D1B33D /* CustomLogger.swift */ = {isa = PBXFileReference; fileEncoding = 4; lastKnownFileType = sourcecode.swift; path = CustomLogger.swift; sourceTree = "<group>"; };
		9DCD5A031F3E6A05007F491F /* ApiManager.swift */ = {isa = PBXFileReference; fileEncoding = 4; lastKnownFileType = sourcecode.swift; path = ApiManager.swift; sourceTree = "<group>"; };
		9DCD5A051F3E6A33007F491F /* ApiService.swift */ = {isa = PBXFileReference; fileEncoding = 4; lastKnownFileType = sourcecode.swift; path = ApiService.swift; sourceTree = "<group>"; };
		9DCD5A071F3E6CFF007F491F /* ServiceResponse.swift */ = {isa = PBXFileReference; fileEncoding = 4; lastKnownFileType = sourcecode.swift; path = ServiceResponse.swift; sourceTree = "<group>"; };
		9DCD5A091F3E77BA007F491F /* CryptoCompareService.swift */ = {isa = PBXFileReference; fileEncoding = 4; lastKnownFileType = sourcecode.swift; path = CryptoCompareService.swift; sourceTree = "<group>"; };
		9DEEBB281F3A1BB400CA0466 /* GoogleService-Info.plist */ = {isa = PBXFileReference; fileEncoding = 4; lastKnownFileType = text.plist.xml; path = "GoogleService-Info.plist"; sourceTree = SOURCE_ROOT; };
		9DEEBB2A1F3A23DE00CA0466 /* Main.storyboard */ = {isa = PBXFileReference; fileEncoding = 4; lastKnownFileType = file.storyboard; path = Main.storyboard; sourceTree = "<group>"; };
		9DFA43881F3EEF6900CF0860 /* ParseManager.swift */ = {isa = PBXFileReference; fileEncoding = 4; lastKnownFileType = sourcecode.swift; path = ParseManager.swift; sourceTree = "<group>"; };
		9DFA438A1F3EEFEA00CF0860 /* Asset.swift */ = {isa = PBXFileReference; fileEncoding = 4; lastKnownFileType = sourcecode.swift; name = Asset.swift; path = Cryptfolio/Managers/Asset.swift; sourceTree = SOURCE_ROOT; };
		BAF4F148534DF5A0D4CE789A /* Pods-Cryptfolio.release.xcconfig */ = {isa = PBXFileReference; includeInIndex = 1; lastKnownFileType = text.xcconfig; name = "Pods-Cryptfolio.release.xcconfig"; path = "Pods/Target Support Files/Pods-Cryptfolio/Pods-Cryptfolio.release.xcconfig"; sourceTree = "<group>"; };
		D3B724B25340132560932538 /* Pods_Cryptfolio.framework */ = {isa = PBXFileReference; explicitFileType = wrapper.framework; includeInIndex = 0; path = Pods_Cryptfolio.framework; sourceTree = BUILT_PRODUCTS_DIR; };
/* End PBXFileReference section */

/* Begin PBXFrameworksBuildPhase section */
		9D3FCF641F3A18A400FBBB93 /* Frameworks */ = {
			isa = PBXFrameworksBuildPhase;
			buildActionMask = 2147483647;
			files = (
				8FCA4A51B21295B7E8727767 /* Pods_Cryptfolio.framework in Frameworks */,
			);
			runOnlyForDeploymentPostprocessing = 0;
		};
/* End PBXFrameworksBuildPhase section */

/* Begin PBXGroup section */
		434A6FBEA53F6BF8EFEABA60 /* Pods */ = {
			isa = PBXGroup;
			children = (
				85CBB6CEF5928E319F071390 /* Pods-Cryptfolio.debug.xcconfig */,
				BAF4F148534DF5A0D4CE789A /* Pods-Cryptfolio.release.xcconfig */,
			);
			name = Pods;
			sourceTree = "<group>";
		};
		7C0ACA031F3CA8B80085FA64 /* Managers */ = {
			isa = PBXGroup;
			children = (
				7C0ACA041F3CA8B80085FA64 /* AuthenticationManager.swift */,
				9DFA43881F3EEF6900CF0860 /* ParseManager.swift */,
			);
			path = Managers;
			sourceTree = "<group>";
		};
		7C0ACA051F3CA8B80085FA64 /* Models */ = {
			isa = PBXGroup;
			children = (
				9DFA438A1F3EEFEA00CF0860 /* Asset.swift */,
				7CD32EE71F68F6E70099C7D6 /* Coin.swift */,
			);
			path = Models;
			sourceTree = "<group>";
		};
		7C0ACA061F3CA8B80085FA64 /* ViewControllers */ = {
			isa = PBXGroup;
			children = (
				7C0ACA071F3CA8B80085FA64 /* LaunchViewController.swift */,
				7C0ACA081F3CA8B80085FA64 /* LoggedInViewController.swift */,
				7C0ACA091F3CA8B80085FA64 /* LoginViewController.swift */,
				7C0ACA0A1F3CA8B80085FA64 /* SignUpViewController.swift */,
			);
			path = ViewControllers;
			sourceTree = "<group>";
		};
		7C0ACA101F3CA8C20085FA64 /* SupportingFiles */ = {
			isa = PBXGroup;
			children = (
				9DEEBB281F3A1BB400CA0466 /* GoogleService-Info.plist */,
				9D3FCF711F3A18A400FBBB93 /* Assets.xcassets */,
				9D3FCF731F3A18A400FBBB93 /* LaunchScreen.storyboard */,
				9D3FCF761F3A18A400FBBB93 /* Info.plist */,
				9DEEBB2A1F3A23DE00CA0466 /* Main.storyboard */,
			);
			name = SupportingFiles;
			sourceTree = "<group>";
		};
		93D7125C8D3ADC4BD3FA2B5C /* Frameworks */ = {
			isa = PBXGroup;
			children = (
				D3B724B25340132560932538 /* Pods_Cryptfolio.framework */,
			);
			name = Frameworks;
			sourceTree = "<group>";
		};
		9D386D1D1F63CA35002C4C75 /* Database */ = {
			isa = PBXGroup;
			children = (
				9D386D201F63CA4B002C4C75 /* Database.swift */,
			);
			path = Database;
			sourceTree = "<group>";
		};
		9D3FCF5E1F3A18A300FBBB93 = {
			isa = PBXGroup;
			children = (
				9D3FCF691F3A18A400FBBB93 /* Cryptfolio */,
				9D3FCF681F3A18A400FBBB93 /* Products */,
				434A6FBEA53F6BF8EFEABA60 /* Pods */,
				93D7125C8D3ADC4BD3FA2B5C /* Frameworks */,
			);
			sourceTree = "<group>";
		};
		9D3FCF681F3A18A400FBBB93 /* Products */ = {
			isa = PBXGroup;
			children = (
				9D3FCF671F3A18A400FBBB93 /* Cryptfolio.app */,
			);
			name = Products;
			sourceTree = "<group>";
		};
		9D3FCF691F3A18A400FBBB93 /* Cryptfolio */ = {
			isa = PBXGroup;
			children = (
				9D386D1D1F63CA35002C4C75 /* Database */,
				7C0ACA031F3CA8B80085FA64 /* Managers */,
				7C0ACA051F3CA8B80085FA64 /* Models */,
				7C0ACA061F3CA8B80085FA64 /* ViewControllers */,
				7C0ACA101F3CA8C20085FA64 /* SupportingFiles */,
				9D3FCF6A1F3A18A400FBBB93 /* AppDelegate.swift */,
				9DCD5A031F3E6A05007F491F /* ApiManager.swift */,
				9DCD5A051F3E6A33007F491F /* ApiService.swift */,
				9DCD5A071F3E6CFF007F491F /* ServiceResponse.swift */,
				9DCD5A091F3E77BA007F491F /* CryptoCompareService.swift */,
				9D87E3001F69BF4700D1B33D /* CustomLogger.swift */,
				9D3772B91F6A7B3D00220482 /* DateExtension.swift */,
			);
			path = Cryptfolio;
			sourceTree = "<group>";
		};
/* End PBXGroup section */

/* Begin PBXNativeTarget section */
		9D3FCF661F3A18A400FBBB93 /* Cryptfolio */ = {
			isa = PBXNativeTarget;
			buildConfigurationList = 9D3FCF791F3A18A400FBBB93 /* Build configuration list for PBXNativeTarget "Cryptfolio" */;
			buildPhases = (
				7D59BBB855A2839C8314D233 /* [CP] Check Pods Manifest.lock */,
				9D3FCF631F3A18A400FBBB93 /* Sources */,
				9D3FCF641F3A18A400FBBB93 /* Frameworks */,
				9D3FCF651F3A18A400FBBB93 /* Resources */,
				D5ECAD228AEC87C8DA9D8C8F /* [CP] Embed Pods Frameworks */,
				5CEB961AD61CD2E9DAA5ADD0 /* [CP] Copy Pods Resources */,
			);
			buildRules = (
			);
			dependencies = (
			);
			name = Cryptfolio;
			productName = Cryptfolio;
			productReference = 9D3FCF671F3A18A400FBBB93 /* Cryptfolio.app */;
			productType = "com.apple.product-type.application";
		};
/* End PBXNativeTarget section */

/* Begin PBXProject section */
		9D3FCF5F1F3A18A300FBBB93 /* Project object */ = {
			isa = PBXProject;
			attributes = {
				LastSwiftUpdateCheck = 0830;
				LastUpgradeCheck = 0830;
				ORGANIZATIONNAME = Celiasson;
				TargetAttributes = {
					9D3FCF661F3A18A400FBBB93 = {
						CreatedOnToolsVersion = 8.3.3;
						DevelopmentTeam = 27UAPUZGLR;
						ProvisioningStyle = Automatic;
					};
				};
			};
			buildConfigurationList = 9D3FCF621F3A18A300FBBB93 /* Build configuration list for PBXProject "Cryptfolio" */;
			compatibilityVersion = "Xcode 3.2";
			developmentRegion = English;
			hasScannedForEncodings = 0;
			knownRegions = (
				en,
				Base,
			);
			mainGroup = 9D3FCF5E1F3A18A300FBBB93;
			productRefGroup = 9D3FCF681F3A18A400FBBB93 /* Products */;
			projectDirPath = "";
			projectRoot = "";
			targets = (
				9D3FCF661F3A18A400FBBB93 /* Cryptfolio */,
			);
		};
/* End PBXProject section */

/* Begin PBXResourcesBuildPhase section */
		9D3FCF651F3A18A400FBBB93 /* Resources */ = {
			isa = PBXResourcesBuildPhase;
			buildActionMask = 2147483647;
			files = (
				9D3FCF751F3A18A400FBBB93 /* LaunchScreen.storyboard in Resources */,
				9DEEBB291F3A1BB400CA0466 /* GoogleService-Info.plist in Resources */,
				9D3FCF721F3A18A400FBBB93 /* Assets.xcassets in Resources */,
				9DEEBB2B1F3A23DE00CA0466 /* Main.storyboard in Resources */,
			);
			runOnlyForDeploymentPostprocessing = 0;
		};
/* End PBXResourcesBuildPhase section */

/* Begin PBXShellScriptBuildPhase section */
		5CEB961AD61CD2E9DAA5ADD0 /* [CP] Copy Pods Resources */ = {
			isa = PBXShellScriptBuildPhase;
			buildActionMask = 2147483647;
			files = (
			);
			inputPaths = (
			);
			name = "[CP] Copy Pods Resources";
			outputPaths = (
			);
			runOnlyForDeploymentPostprocessing = 0;
			shellPath = /bin/sh;
			shellScript = "\"${SRCROOT}/Pods/Target Support Files/Pods-Cryptfolio/Pods-Cryptfolio-resources.sh\"\n";
			showEnvVarsInLog = 0;
		};
		7D59BBB855A2839C8314D233 /* [CP] Check Pods Manifest.lock */ = {
			isa = PBXShellScriptBuildPhase;
			buildActionMask = 2147483647;
			files = (
			);
			inputPaths = (
				"${PODS_PODFILE_DIR_PATH}/Podfile.lock",
				"${PODS_ROOT}/Manifest.lock",
			);
			name = "[CP] Check Pods Manifest.lock";
			outputPaths = (
				"$(DERIVED_FILE_DIR)/Pods-Cryptfolio-checkManifestLockResult.txt",
			);
			runOnlyForDeploymentPostprocessing = 0;
			shellPath = /bin/sh;
			shellScript = "diff \"${PODS_PODFILE_DIR_PATH}/Podfile.lock\" \"${PODS_ROOT}/Manifest.lock\" > /dev/null\nif [ $? != 0 ] ; then\n    # print error to STDERR\n    echo \"error: The sandbox is not in sync with the Podfile.lock. Run 'pod install' or update your CocoaPods installation.\" >&2\n    exit 1\nfi\n# This output is used by Xcode 'outputs' to avoid re-running this script phase.\necho \"SUCCESS\" > \"${SCRIPT_OUTPUT_FILE_0}\"\n";
			showEnvVarsInLog = 0;
		};
		D5ECAD228AEC87C8DA9D8C8F /* [CP] Embed Pods Frameworks */ = {
			isa = PBXShellScriptBuildPhase;
			buildActionMask = 2147483647;
			files = (
			);
			inputPaths = (
				"${SRCROOT}/Pods/Target Support Files/Pods-Cryptfolio/Pods-Cryptfolio-frameworks.sh",
				"${BUILT_PRODUCTS_DIR}/Alamofire/Alamofire.framework",
				"${BUILT_PRODUCTS_DIR}/CocoaLumberjack/CocoaLumberjack.framework",
				"${BUILT_PRODUCTS_DIR}/GTMSessionFetcher/GTMSessionFetcher.framework",
				"${BUILT_PRODUCTS_DIR}/GoogleToolboxForMac/GoogleToolboxForMac.framework",
				"${BUILT_PRODUCTS_DIR}/PromiseKit/PromiseKit.framework",
				"${BUILT_PRODUCTS_DIR}/SQLite.swift/SQLite.framework",
				"${BUILT_PRODUCTS_DIR}/Socket.IO-Client-Swift/SocketIO.framework",
				"${BUILT_PRODUCTS_DIR}/StarscreamSocketIO/StarscreamSocketIO.framework",
				"${BUILT_PRODUCTS_DIR}/SwiftyJSON/SwiftyJSON.framework",
				"${BUILT_PRODUCTS_DIR}/nanopb/nanopb.framework",
			);
			name = "[CP] Embed Pods Frameworks";
			outputPaths = (
				"${TARGET_BUILD_DIR}/${FRAMEWORKS_FOLDER_PATH}/Alamofire.framework",
				"${TARGET_BUILD_DIR}/${FRAMEWORKS_FOLDER_PATH}/CocoaLumberjack.framework",
				"${TARGET_BUILD_DIR}/${FRAMEWORKS_FOLDER_PATH}/GTMSessionFetcher.framework",
				"${TARGET_BUILD_DIR}/${FRAMEWORKS_FOLDER_PATH}/GoogleToolboxForMac.framework",
				"${TARGET_BUILD_DIR}/${FRAMEWORKS_FOLDER_PATH}/PromiseKit.framework",
				"${TARGET_BUILD_DIR}/${FRAMEWORKS_FOLDER_PATH}/SQLite.framework",
				"${TARGET_BUILD_DIR}/${FRAMEWORKS_FOLDER_PATH}/SocketIO.framework",
				"${TARGET_BUILD_DIR}/${FRAMEWORKS_FOLDER_PATH}/StarscreamSocketIO.framework",
				"${TARGET_BUILD_DIR}/${FRAMEWORKS_FOLDER_PATH}/SwiftyJSON.framework",
				"${TARGET_BUILD_DIR}/${FRAMEWORKS_FOLDER_PATH}/nanopb.framework",
			);
			runOnlyForDeploymentPostprocessing = 0;
			shellPath = /bin/sh;
			shellScript = "\"${SRCROOT}/Pods/Target Support Files/Pods-Cryptfolio/Pods-Cryptfolio-frameworks.sh\"\n";
			showEnvVarsInLog = 0;
		};
/* End PBXShellScriptBuildPhase section */

/* Begin PBXSourcesBuildPhase section */
		9D3FCF631F3A18A400FBBB93 /* Sources */ = {
			isa = PBXSourcesBuildPhase;
			buildActionMask = 2147483647;
			files = (
				9D87E3011F69BF4700D1B33D /* CustomLogger.swift in Sources */,
				7C0ACA0F1F3CA8B80085FA64 /* SignUpViewController.swift in Sources */,
				9D3FCF6B1F3A18A400FBBB93 /* AppDelegate.swift in Sources */,
				9DCD5A0A1F3E77BA007F491F /* CryptoCompareService.swift in Sources */,
				7C0ACA0C1F3CA8B80085FA64 /* LaunchViewController.swift in Sources */,
				9DCD5A041F3E6A05007F491F /* ApiManager.swift in Sources */,
				7C0ACA0B1F3CA8B80085FA64 /* AuthenticationManager.swift in Sources */,
				7CD32EE81F68F6E70099C7D6 /* Coin.swift in Sources */,
				9DFA438B1F3EEFEA00CF0860 /* Asset.swift in Sources */,
				9D3772BA1F6A7B3D00220482 /* DateExtension.swift in Sources */,
				7C0ACA0E1F3CA8B80085FA64 /* LoginViewController.swift in Sources */,
				9DCD5A081F3E6CFF007F491F /* ServiceResponse.swift in Sources */,
				9DCD5A061F3E6A33007F491F /* ApiService.swift in Sources */,
				7C0ACA0D1F3CA8B80085FA64 /* LoggedInViewController.swift in Sources */,
				9D386D211F63CA4B002C4C75 /* Database.swift in Sources */,
				9DFA43891F3EEF6900CF0860 /* ParseManager.swift in Sources */,
			);
			runOnlyForDeploymentPostprocessing = 0;
		};
/* End PBXSourcesBuildPhase section */

/* Begin PBXVariantGroup section */
		9D3FCF731F3A18A400FBBB93 /* LaunchScreen.storyboard */ = {
			isa = PBXVariantGroup;
			children = (
				9D3FCF741F3A18A400FBBB93 /* Base */,
			);
			name = LaunchScreen.storyboard;
			sourceTree = "<group>";
		};
/* End PBXVariantGroup section */

/* Begin XCBuildConfiguration section */
		9D3FCF771F3A18A400FBBB93 /* Debug */ = {
			isa = XCBuildConfiguration;
			buildSettings = {
				ALWAYS_SEARCH_USER_PATHS = NO;
				CLANG_ANALYZER_NONNULL = YES;
				CLANG_ANALYZER_NUMBER_OBJECT_CONVERSION = YES_AGGRESSIVE;
				CLANG_CXX_LANGUAGE_STANDARD = "gnu++0x";
				CLANG_CXX_LIBRARY = "libc++";
				CLANG_ENABLE_MODULES = YES;
				CLANG_ENABLE_OBJC_ARC = YES;
				CLANG_WARN_BOOL_CONVERSION = YES;
				CLANG_WARN_CONSTANT_CONVERSION = YES;
				CLANG_WARN_DIRECT_OBJC_ISA_USAGE = YES_ERROR;
				CLANG_WARN_DOCUMENTATION_COMMENTS = YES;
				CLANG_WARN_EMPTY_BODY = YES;
				CLANG_WARN_ENUM_CONVERSION = YES;
				CLANG_WARN_INFINITE_RECURSION = YES;
				CLANG_WARN_INT_CONVERSION = YES;
				CLANG_WARN_OBJC_ROOT_CLASS = YES_ERROR;
				CLANG_WARN_SUSPICIOUS_MOVE = YES;
				CLANG_WARN_UNREACHABLE_CODE = YES;
				CLANG_WARN__DUPLICATE_METHOD_MATCH = YES;
				"CODE_SIGN_IDENTITY[sdk=iphoneos*]" = "iPhone Developer";
				COPY_PHASE_STRIP = NO;
				DEBUG_INFORMATION_FORMAT = dwarf;
				ENABLE_STRICT_OBJC_MSGSEND = YES;
				ENABLE_TESTABILITY = YES;
				GCC_C_LANGUAGE_STANDARD = gnu99;
				GCC_DYNAMIC_NO_PIC = NO;
				GCC_NO_COMMON_BLOCKS = YES;
				GCC_OPTIMIZATION_LEVEL = 0;
				GCC_PREPROCESSOR_DEFINITIONS = (
					"DEBUG=1",
					"$(inherited)",
				);
				GCC_WARN_64_TO_32_BIT_CONVERSION = YES;
				GCC_WARN_ABOUT_RETURN_TYPE = YES_ERROR;
				GCC_WARN_UNDECLARED_SELECTOR = YES;
				GCC_WARN_UNINITIALIZED_AUTOS = YES_AGGRESSIVE;
				GCC_WARN_UNUSED_FUNCTION = YES;
				GCC_WARN_UNUSED_VARIABLE = YES;
				IPHONEOS_DEPLOYMENT_TARGET = 10.3;
				MTL_ENABLE_DEBUG_INFO = YES;
				ONLY_ACTIVE_ARCH = YES;
				SDKROOT = iphoneos;
				SWIFT_ACTIVE_COMPILATION_CONDITIONS = DEBUG;
				SWIFT_OPTIMIZATION_LEVEL = "-Onone";
			};
			name = Debug;
		};
		9D3FCF781F3A18A400FBBB93 /* Release */ = {
			isa = XCBuildConfiguration;
			buildSettings = {
				ALWAYS_SEARCH_USER_PATHS = NO;
				CLANG_ANALYZER_NONNULL = YES;
				CLANG_ANALYZER_NUMBER_OBJECT_CONVERSION = YES_AGGRESSIVE;
				CLANG_CXX_LANGUAGE_STANDARD = "gnu++0x";
				CLANG_CXX_LIBRARY = "libc++";
				CLANG_ENABLE_MODULES = YES;
				CLANG_ENABLE_OBJC_ARC = YES;
				CLANG_WARN_BOOL_CONVERSION = YES;
				CLANG_WARN_CONSTANT_CONVERSION = YES;
				CLANG_WARN_DIRECT_OBJC_ISA_USAGE = YES_ERROR;
				CLANG_WARN_DOCUMENTATION_COMMENTS = YES;
				CLANG_WARN_EMPTY_BODY = YES;
				CLANG_WARN_ENUM_CONVERSION = YES;
				CLANG_WARN_INFINITE_RECURSION = YES;
				CLANG_WARN_INT_CONVERSION = YES;
				CLANG_WARN_OBJC_ROOT_CLASS = YES_ERROR;
				CLANG_WARN_SUSPICIOUS_MOVE = YES;
				CLANG_WARN_UNREACHABLE_CODE = YES;
				CLANG_WARN__DUPLICATE_METHOD_MATCH = YES;
				"CODE_SIGN_IDENTITY[sdk=iphoneos*]" = "iPhone Developer";
				COPY_PHASE_STRIP = NO;
				DEBUG_INFORMATION_FORMAT = "dwarf-with-dsym";
				ENABLE_NS_ASSERTIONS = NO;
				ENABLE_STRICT_OBJC_MSGSEND = YES;
				GCC_C_LANGUAGE_STANDARD = gnu99;
				GCC_NO_COMMON_BLOCKS = YES;
				GCC_WARN_64_TO_32_BIT_CONVERSION = YES;
				GCC_WARN_ABOUT_RETURN_TYPE = YES_ERROR;
				GCC_WARN_UNDECLARED_SELECTOR = YES;
				GCC_WARN_UNINITIALIZED_AUTOS = YES_AGGRESSIVE;
				GCC_WARN_UNUSED_FUNCTION = YES;
				GCC_WARN_UNUSED_VARIABLE = YES;
				IPHONEOS_DEPLOYMENT_TARGET = 10.3;
				MTL_ENABLE_DEBUG_INFO = NO;
				SDKROOT = iphoneos;
				SWIFT_OPTIMIZATION_LEVEL = "-Owholemodule";
				VALIDATE_PRODUCT = YES;
			};
			name = Release;
		};
		9D3FCF7A1F3A18A400FBBB93 /* Debug */ = {
			isa = XCBuildConfiguration;
			baseConfigurationReference = 85CBB6CEF5928E319F071390 /* Pods-Cryptfolio.debug.xcconfig */;
			buildSettings = {
				ASSETCATALOG_COMPILER_APPICON_NAME = AppIcon;
				DEVELOPMENT_TEAM = 27UAPUZGLR;
				INFOPLIST_FILE = Cryptfolio/Info.plist;
				IPHONEOS_DEPLOYMENT_TARGET = 9.0;
				LD_RUNPATH_SEARCH_PATHS = "$(inherited) @executable_path/Frameworks";
				OTHER_SWIFT_FLAGS = "$(inherited) \"-D\" \"COCOAPODS\" -DDEBUG";
				PRODUCT_BUNDLE_IDENTIFIER = dev.christopher.Cryptfolio;
				PRODUCT_NAME = "$(TARGET_NAME)";
				SWIFT_VERSION = 3.0;
			};
			name = Debug;
		};
		9D3FCF7B1F3A18A400FBBB93 /* Release */ = {
			isa = XCBuildConfiguration;
			baseConfigurationReference = BAF4F148534DF5A0D4CE789A /* Pods-Cryptfolio.release.xcconfig */;
			buildSettings = {
				ASSETCATALOG_COMPILER_APPICON_NAME = AppIcon;
				DEVELOPMENT_TEAM = 27UAPUZGLR;
				INFOPLIST_FILE = Cryptfolio/Info.plist;
				IPHONEOS_DEPLOYMENT_TARGET = 9.0;
				LD_RUNPATH_SEARCH_PATHS = "$(inherited) @executable_path/Frameworks";
				OTHER_SWIFT_FLAGS = "$(inherited) \"-D\" \"COCOAPODS\" -DRELEASE";
				PRODUCT_BUNDLE_IDENTIFIER = dev.christopher.Cryptfolio;
				PRODUCT_NAME = "$(TARGET_NAME)";
				SWIFT_VERSION = 3.0;
			};
			name = Release;
		};
/* End XCBuildConfiguration section */

/* Begin XCConfigurationList section */
		9D3FCF621F3A18A300FBBB93 /* Build configuration list for PBXProject "Cryptfolio" */ = {
			isa = XCConfigurationList;
			buildConfigurations = (
				9D3FCF771F3A18A400FBBB93 /* Debug */,
				9D3FCF781F3A18A400FBBB93 /* Release */,
			);
			defaultConfigurationIsVisible = 0;
			defaultConfigurationName = Release;
		};
		9D3FCF791F3A18A400FBBB93 /* Build configuration list for PBXNativeTarget "Cryptfolio" */ = {
			isa = XCConfigurationList;
			buildConfigurations = (
				9D3FCF7A1F3A18A400FBBB93 /* Debug */,
				9D3FCF7B1F3A18A400FBBB93 /* Release */,
			);
			defaultConfigurationIsVisible = 0;
			defaultConfigurationName = Release;
		};
/* End XCConfigurationList section */
	};
	rootObject = 9D3FCF5F1F3A18A300FBBB93 /* Project object */;
}
